
Microsoft Visual Studio Solution File, Format Version 12.00
# Visual Studio Version 16
VisualStudioVersion = 16.0.33214.272
MinimumVisualStudioVersion = 10.0.40219.1
Project("{FAE04EC0-301F-11D3-BF4B-00C04F79EFBC}") = "praktika16_2", "praktika16_2\praktika16_2.csproj", "{C9F3CB3D-FA9D-463C-A83A-9998D55F17FE}"
EndProject
Global
	GlobalSection(SolutionConfigurationPlatforms) = preSolution
		Debug|Any CPU = Debug|Any CPU
		Release|Any CPU = Release|Any CPU
	EndGlobalSection
	GlobalSection(ProjectConfigurationPlatforms) = postSolution
		{C9F3CB3D-FA9D-463C-A83A-9998D55F17FE}.Debug|Any CPU.ActiveCfg = Debug|Any CPU
		{C9F3CB3D-FA9D-463C-A83A-9998D55F17FE}.Debug|Any CPU.Build.0 = Debug|Any CPU
		{C9F3CB3D-FA9D-463C-A83A-9998D55F17FE}.Release|Any CPU.ActiveCfg = Release|Any CPU
		{C9F3CB3D-FA9D-463C-A83A-9998D55F17FE}.Release|Any CPU.Build.0 = Release|Any CPU
	EndGlobalSection
	GlobalSection(SolutionProperties) = preSolution
		HideSolutionNode = FALSE
	EndGlobalSection
	GlobalSection(ExtensibilityGlobals) = postSolution
		SolutionGuid = {BE3487ED-DE82-4AD3-86D0-F478CF490E5E}
	EndGlobalSection
EndGlobal
