
Microsoft Visual Studio Solution File, Format Version 12.00
# Visual Studio Version 16
VisualStudioVersion = 16.0.33214.272
MinimumVisualStudioVersion = 10.0.40219.1
Project("{FAE04EC0-301F-11D3-BF4B-00C04F79EFBC}") = "Praktika16_4", "Praktika16_4\Praktika16_4.csproj", "{3F002BB6-8653-4E0C-93CD-79B902CC0441}"
EndProject
Global
	GlobalSection(SolutionConfigurationPlatforms) = preSolution
		Debug|Any CPU = Debug|Any CPU
		Release|Any CPU = Release|Any CPU
	EndGlobalSection
	GlobalSection(ProjectConfigurationPlatforms) = postSolution
		{3F002BB6-8653-4E0C-93CD-79B902CC0441}.Debug|Any CPU.ActiveCfg = Debug|Any CPU
		{3F002BB6-8653-4E0C-93CD-79B902CC0441}.Debug|Any CPU.Build.0 = Debug|Any CPU
		{3F002BB6-8653-4E0C-93CD-79B902CC0441}.Release|Any CPU.ActiveCfg = Release|Any CPU
		{3F002BB6-8653-4E0C-93CD-79B902CC0441}.Release|Any CPU.Build.0 = Release|Any CPU
	EndGlobalSection
	GlobalSection(SolutionProperties) = preSolution
		HideSolutionNode = FALSE
	EndGlobalSection
	GlobalSection(ExtensibilityGlobals) = postSolution
		SolutionGuid = {27D0F693-1B33-4CF2-82E3-CCF2968236BF}
	EndGlobalSection
EndGlobal
